
Microsoft Visual Studio Solution File, Format Version 12.00
# Visual Studio Version 16
VisualStudioVersion = 16.0.30621.155
MinimumVisualStudioVersion = 10.0.40219.1
Project("{FAE04EC0-301F-11D3-BF4B-00C04F79EFBC}") = "WindowsCron", "WindowsCron\WindowsCron.csproj", "{7994A725-5CB0-4392-9A6B-7909C8F39F24}"
EndProject
Global
	GlobalSection(SolutionConfigurationPlatforms) = preSolution
		Debug|Any CPU = Debug|Any CPU
		Release|Any CPU = Release|Any CPU
	EndGlobalSection
	GlobalSection(ProjectConfigurationPlatforms) = postSolution
		{7994A725-5CB0-4392-9A6B-7909C8F39F24}.Debug|Any CPU.ActiveCfg = Debug|Any CPU
		{7994A725-5CB0-4392-9A6B-7909C8F39F24}.Debug|Any CPU.Build.0 = Debug|Any CPU
		{7994A725-5CB0-4392-9A6B-7909C8F39F24}.Release|Any CPU.ActiveCfg = Release|Any CPU
		{7994A725-5CB0-4392-9A6B-7909C8F39F24}.Release|Any CPU.Build.0 = Release|Any CPU
	EndGlobalSection
	GlobalSection(SolutionProperties) = preSolution
		HideSolutionNode = FALSE
	EndGlobalSection
	GlobalSection(ExtensibilityGlobals) = postSolution
		SolutionGuid = {6D15FF5B-B062-4F80-B70C-F1BDF81ED241}
	EndGlobalSection
EndGlobal
